
Microsoft Visual Studio Solution File, Format Version 12.00
# Visual Studio Version 17
VisualStudioVersion = 17.6.33723.286
MinimumVisualStudioVersion = 10.0.40219.1
Project("{9A19103F-16F7-4668-BE54-9A1E7A4F7556}") = "Budget", "Budget\Budget.csproj", "{AFF83314-2FE9-4C75-BCA1-6A13A96A312B}"
EndProject
Global
	GlobalSection(SolutionConfigurationPlatforms) = preSolution
		Debug|Any CPU = Debug|Any CPU
		Release|Any CPU = Release|Any CPU
	EndGlobalSection
	GlobalSection(ProjectConfigurationPlatforms) = postSolution
		{AFF83314-2FE9-4C75-BCA1-6A13A96A312B}.Debug|Any CPU.ActiveCfg = Debug|Any CPU
		{AFF83314-2FE9-4C75-BCA1-6A13A96A312B}.Debug|Any CPU.Build.0 = Debug|Any CPU
		{AFF83314-2FE9-4C75-BCA1-6A13A96A312B}.Debug|Any CPU.Deploy.0 = Debug|Any CPU
		{AFF83314-2FE9-4C75-BCA1-6A13A96A312B}.Release|Any CPU.ActiveCfg = Release|Any CPU
		{AFF83314-2FE9-4C75-BCA1-6A13A96A312B}.Release|Any CPU.Build.0 = Release|Any CPU
		{AFF83314-2FE9-4C75-BCA1-6A13A96A312B}.Release|Any CPU.Deploy.0 = Release|Any CPU
	EndGlobalSection
	GlobalSection(SolutionProperties) = preSolution
		HideSolutionNode = FALSE
	EndGlobalSection
	GlobalSection(ExtensibilityGlobals) = postSolution
		SolutionGuid = {52EF4EEA-BD5F-4DE6-B6EF-A665BB6612A6}
	EndGlobalSection
EndGlobal
